// !$*UTF8*$!
{
	archiveVersion = 1;
	classes = {
	};
	objectVersion = 56;
	objects = {

/* Begin PBXBuildFile section */
		CD6C67042A8E991500D9319E /* AppDelegate.swift in Sources */ = {isa = PBXBuildFile; fileRef = CD6C67032A8E991500D9319E /* AppDelegate.swift */; };
		CD6C67062A8E991500D9319E /* SceneDelegate.swift in Sources */ = {isa = PBXBuildFile; fileRef = CD6C67052A8E991500D9319E /* SceneDelegate.swift */; };
		CD6C670D2A8E991600D9319E /* Assets.xcassets in Resources */ = {isa = PBXBuildFile; fileRef = CD6C670C2A8E991600D9319E /* Assets.xcassets */; };
		CD6C67102A8E991600D9319E /* LaunchScreen.storyboard in Resources */ = {isa = PBXBuildFile; fileRef = CD6C670E2A8E991600D9319E /* LaunchScreen.storyboard */; };
		CD6C67222A9211D800D9319E /* Constants.swift in Sources */ = {isa = PBXBuildFile; fileRef = CD6C67212A9211D800D9319E /* Constants.swift */; };
		CD6C67242A92145200D9319E /* News.swift in Sources */ = {isa = PBXBuildFile; fileRef = CD6C67232A92145200D9319E /* News.swift */; };
		CD6C67272A9216CB00D9319E /* NewsFeedViewController.swift in Sources */ = {isa = PBXBuildFile; fileRef = CD6C67262A9216CB00D9319E /* NewsFeedViewController.swift */; };
		CD6C672A2A9216ED00D9319E /* NewsCell.swift in Sources */ = {isa = PBXBuildFile; fileRef = CD6C67292A9216ED00D9319E /* NewsCell.swift */; };
		CD6C672C2A92223E00D9319E /* NewsDetailViewController.swift in Sources */ = {isa = PBXBuildFile; fileRef = CD6C672B2A92223E00D9319E /* NewsDetailViewController.swift */; };
		CD6C672E2A922DE300D9319E /* NewsDetailViewModel.swift in Sources */ = {isa = PBXBuildFile; fileRef = CD6C672D2A922DE300D9319E /* NewsDetailViewModel.swift */; };
		CD6C67302A92385900D9319E /* HTTP.swift in Sources */ = {isa = PBXBuildFile; fileRef = CD6C672F2A92385900D9319E /* HTTP.swift */; };
		CD6C67322A92394300D9319E /* Endpoint.swift in Sources */ = {isa = PBXBuildFile; fileRef = CD6C67312A92394300D9319E /* Endpoint.swift */; };
		CD6C67342A923EE800D9319E /* NewsService.swift in Sources */ = {isa = PBXBuildFile; fileRef = CD6C67332A923EE800D9319E /* NewsService.swift */; };
		CD6C67362A92613600D9319E /* NewsFeedViewModel.swift in Sources */ = {isa = PBXBuildFile; fileRef = CD6C67352A92613600D9319E /* NewsFeedViewModel.swift */; };
		CD6C67382A93359300D9319E /* TabBar.swift in Sources */ = {isa = PBXBuildFile; fileRef = CD6C67372A93359300D9319E /* TabBar.swift */; };
		CD6C673C2A93508900D9319E /* TouristsListViewController.swift in Sources */ = {isa = PBXBuildFile; fileRef = CD6C673B2A93508900D9319E /* TouristsListViewController.swift */; };
		CD6C673E2A9350A300D9319E /* TouristDetailViewController.swift in Sources */ = {isa = PBXBuildFile; fileRef = CD6C673D2A9350A300D9319E /* TouristDetailViewController.swift */; };
		CD6C67402A93512B00D9319E /* Tourists.swift in Sources */ = {isa = PBXBuildFile; fileRef = CD6C673F2A93512B00D9319E /* Tourists.swift */; };
		CD6C67422A93579C00D9319E /* TouristService.swift in Sources */ = {isa = PBXBuildFile; fileRef = CD6C67412A93579C00D9319E /* TouristService.swift */; };
		CD6C67452A93584C00D9319E /* TouristsCell.swift in Sources */ = {isa = PBXBuildFile; fileRef = CD6C67442A93584C00D9319E /* TouristsCell.swift */; };
		CD6C67482A9359B000D9319E /* TouristsViewModel.swift in Sources */ = {isa = PBXBuildFile; fileRef = CD6C67472A9359B000D9319E /* TouristsViewModel.swift */; };
		CD6C674A2A935AEF00D9319E /* TouristDetailViewModel.swift in Sources */ = {isa = PBXBuildFile; fileRef = CD6C67492A935AEF00D9319E /* TouristDetailViewModel.swift */; };
		CD6C674D2A936CEE00D9319E /* SDWebImage in Frameworks */ = {isa = PBXBuildFile; productRef = CD6C674C2A936CEE00D9319E /* SDWebImage */; };
		CD6C674F2A936CEE00D9319E /* SDWebImageMapKit in Frameworks */ = {isa = PBXBuildFile; productRef = CD6C674E2A936CEE00D9319E /* SDWebImageMapKit */; };
/* End PBXBuildFile section */

/* Begin PBXFileReference section */
		CD6C67002A8E991500D9319E /* TouristNews.app */ = {isa = PBXFileReference; explicitFileType = wrapper.application; includeInIndex = 0; path = TouristNews.app; sourceTree = BUILT_PRODUCTS_DIR; };
		CD6C67032A8E991500D9319E /* AppDelegate.swift */ = {isa = PBXFileReference; lastKnownFileType = sourcecode.swift; path = AppDelegate.swift; sourceTree = "<group>"; };
		CD6C67052A8E991500D9319E /* SceneDelegate.swift */ = {isa = PBXFileReference; lastKnownFileType = sourcecode.swift; path = SceneDelegate.swift; sourceTree = "<group>"; };
		CD6C670C2A8E991600D9319E /* Assets.xcassets */ = {isa = PBXFileReference; lastKnownFileType = folder.assetcatalog; path = Assets.xcassets; sourceTree = "<group>"; };
		CD6C670F2A8E991600D9319E /* Base */ = {isa = PBXFileReference; lastKnownFileType = file.storyboard; name = Base; path = Base.lproj/LaunchScreen.storyboard; sourceTree = "<group>"; };
		CD6C67112A8E991600D9319E /* Info.plist */ = {isa = PBXFileReference; lastKnownFileType = text.plist.xml; path = Info.plist; sourceTree = "<group>"; };
		CD6C67212A9211D800D9319E /* Constants.swift */ = {isa = PBXFileReference; lastKnownFileType = sourcecode.swift; path = Constants.swift; sourceTree = "<group>"; };
		CD6C67232A92145200D9319E /* News.swift */ = {isa = PBXFileReference; lastKnownFileType = sourcecode.swift; path = News.swift; sourceTree = "<group>"; };
		CD6C67262A9216CB00D9319E /* NewsFeedViewController.swift */ = {isa = PBXFileReference; lastKnownFileType = sourcecode.swift; path = NewsFeedViewController.swift; sourceTree = "<group>"; };
		CD6C67292A9216ED00D9319E /* NewsCell.swift */ = {isa = PBXFileReference; lastKnownFileType = sourcecode.swift; path = NewsCell.swift; sourceTree = "<group>"; };
		CD6C672B2A92223E00D9319E /* NewsDetailViewController.swift */ = {isa = PBXFileReference; lastKnownFileType = sourcecode.swift; path = NewsDetailViewController.swift; sourceTree = "<group>"; };
		CD6C672D2A922DE300D9319E /* NewsDetailViewModel.swift */ = {isa = PBXFileReference; lastKnownFileType = sourcecode.swift; path = NewsDetailViewModel.swift; sourceTree = "<group>"; };
		CD6C672F2A92385900D9319E /* HTTP.swift */ = {isa = PBXFileReference; lastKnownFileType = sourcecode.swift; path = HTTP.swift; sourceTree = "<group>"; };
		CD6C67312A92394300D9319E /* Endpoint.swift */ = {isa = PBXFileReference; lastKnownFileType = sourcecode.swift; path = Endpoint.swift; sourceTree = "<group>"; };
		CD6C67332A923EE800D9319E /* NewsService.swift */ = {isa = PBXFileReference; lastKnownFileType = sourcecode.swift; path = NewsService.swift; sourceTree = "<group>"; };
		CD6C67352A92613600D9319E /* NewsFeedViewModel.swift */ = {isa = PBXFileReference; lastKnownFileType = sourcecode.swift; path = NewsFeedViewModel.swift; sourceTree = "<group>"; };
		CD6C67372A93359300D9319E /* TabBar.swift */ = {isa = PBXFileReference; lastKnownFileType = sourcecode.swift; path = TabBar.swift; sourceTree = "<group>"; };
		CD6C673B2A93508900D9319E /* TouristsListViewController.swift */ = {isa = PBXFileReference; lastKnownFileType = sourcecode.swift; path = TouristsListViewController.swift; sourceTree = "<group>"; };
		CD6C673D2A9350A300D9319E /* TouristDetailViewController.swift */ = {isa = PBXFileReference; lastKnownFileType = sourcecode.swift; path = TouristDetailViewController.swift; sourceTree = "<group>"; };
		CD6C673F2A93512B00D9319E /* Tourists.swift */ = {isa = PBXFileReference; lastKnownFileType = sourcecode.swift; path = Tourists.swift; sourceTree = "<group>"; };
		CD6C67412A93579C00D9319E /* TouristService.swift */ = {isa = PBXFileReference; lastKnownFileType = sourcecode.swift; path = TouristService.swift; sourceTree = "<group>"; };
		CD6C67442A93584C00D9319E /* TouristsCell.swift */ = {isa = PBXFileReference; lastKnownFileType = sourcecode.swift; path = TouristsCell.swift; sourceTree = "<group>"; };
		CD6C67472A9359B000D9319E /* TouristsViewModel.swift */ = {isa = PBXFileReference; lastKnownFileType = sourcecode.swift; path = TouristsViewModel.swift; sourceTree = "<group>"; };
		CD6C67492A935AEF00D9319E /* TouristDetailViewModel.swift */ = {isa = PBXFileReference; lastKnownFileType = sourcecode.swift; path = TouristDetailViewModel.swift; sourceTree = "<group>"; };
/* End PBXFileReference section */

/* Begin PBXFrameworksBuildPhase section */
		CD6C66FD2A8E991500D9319E /* Frameworks */ = {
			isa = PBXFrameworksBuildPhase;
			buildActionMask = 2147483647;
			files = (
				CD6C674F2A936CEE00D9319E /* SDWebImageMapKit in Frameworks */,
				CD6C674D2A936CEE00D9319E /* SDWebImage in Frameworks */,
			);
			runOnlyForDeploymentPostprocessing = 0;
		};
/* End PBXFrameworksBuildPhase section */

/* Begin PBXGroup section */
		CD6C66F72A8E991500D9319E = {
			isa = PBXGroup;
			children = (
				CD6C67022A8E991500D9319E /* TouristNews */,
				CD6C67012A8E991500D9319E /* Products */,
			);
			sourceTree = "<group>";
		};
		CD6C67012A8E991500D9319E /* Products */ = {
			isa = PBXGroup;
			children = (
				CD6C67002A8E991500D9319E /* TouristNews.app */,
			);
			name = Products;
			sourceTree = "<group>";
		};
		CD6C67022A8E991500D9319E /* TouristNews */ = {
			isa = PBXGroup;
			children = (
				CD6C67202A9211A300D9319E /* API */,
				CD6C671F2A92119600D9319E /* Controllers */,
				CD6C671B2A8EAC6400D9319E /* System */,
				CD6C67192A8E9FA000D9319E /* Views */,
				CD6C67172A8E9F9300D9319E /* Model */,
				CD6C670C2A8E991600D9319E /* Assets.xcassets */,
				CD6C67112A8E991600D9319E /* Info.plist */,
			);
			path = TouristNews;
			sourceTree = "<group>";
		};
		CD6C67172A8E9F9300D9319E /* Model */ = {
			isa = PBXGroup;
			children = (
				CD6C67232A92145200D9319E /* News.swift */,
				CD6C673F2A93512B00D9319E /* Tourists.swift */,
			);
			path = Model;
			sourceTree = "<group>";
		};
		CD6C67182A8E9F9900D9319E /* ViewModel */ = {
			isa = PBXGroup;
			children = (
				CD6C672D2A922DE300D9319E /* NewsDetailViewModel.swift */,
				CD6C67352A92613600D9319E /* NewsFeedViewModel.swift */,
			);
			path = ViewModel;
			sourceTree = "<group>";
		};
		CD6C67192A8E9FA000D9319E /* Views */ = {
			isa = PBXGroup;
			children = (
				CD6C67432A93582D00D9319E /* Tourists */,
				CD6C67282A9216E500D9319E /* News */,
			);
			path = Views;
			sourceTree = "<group>";
		};
		CD6C671B2A8EAC6400D9319E /* System */ = {
			isa = PBXGroup;
			children = (
				CD6C670E2A8E991600D9319E /* LaunchScreen.storyboard */,
				CD6C67032A8E991500D9319E /* AppDelegate.swift */,
				CD6C67052A8E991500D9319E /* SceneDelegate.swift */,
				CD6C67212A9211D800D9319E /* Constants.swift */,
			);
			path = System;
			sourceTree = "<group>";
		};
		CD6C671F2A92119600D9319E /* Controllers */ = {
			isa = PBXGroup;
			children = (
				CD6C673A2A93504300D9319E /* Tourists */,
				CD6C67392A93503700D9319E /* News */,
				CD6C67372A93359300D9319E /* TabBar.swift */,
			);
			path = Controllers;
			sourceTree = "<group>";
		};
		CD6C67202A9211A300D9319E /* API */ = {
			isa = PBXGroup;
			children = (
				CD6C672F2A92385900D9319E /* HTTP.swift */,
				CD6C67312A92394300D9319E /* Endpoint.swift */,
				CD6C67332A923EE800D9319E /* NewsService.swift */,
				CD6C67412A93579C00D9319E /* TouristService.swift */,
			);
			path = API;
			sourceTree = "<group>";
		};
		CD6C67282A9216E500D9319E /* News */ = {
			isa = PBXGroup;
			children = (
				CD6C67182A8E9F9900D9319E /* ViewModel */,
				CD6C67292A9216ED00D9319E /* NewsCell.swift */,
			);
			path = News;
			sourceTree = "<group>";
		};
		CD6C67392A93503700D9319E /* News */ = {
			isa = PBXGroup;
			children = (
				CD6C672B2A92223E00D9319E /* NewsDetailViewController.swift */,
				CD6C67262A9216CB00D9319E /* NewsFeedViewController.swift */,
			);
			path = News;
			sourceTree = "<group>";
		};
		CD6C673A2A93504300D9319E /* Tourists */ = {
			isa = PBXGroup;
			children = (
				CD6C673B2A93508900D9319E /* TouristsListViewController.swift */,
				CD6C673D2A9350A300D9319E /* TouristDetailViewController.swift */,
			);
			path = Tourists;
			sourceTree = "<group>";
		};
		CD6C67432A93582D00D9319E /* Tourists */ = {
			isa = PBXGroup;
			children = (
				CD6C67462A9359A100D9319E /* ViewModel */,
				CD6C67442A93584C00D9319E /* TouristsCell.swift */,
			);
			path = Tourists;
			sourceTree = "<group>";
		};
		CD6C67462A9359A100D9319E /* ViewModel */ = {
			isa = PBXGroup;
			children = (
				CD6C67472A9359B000D9319E /* TouristsViewModel.swift */,
				CD6C67492A935AEF00D9319E /* TouristDetailViewModel.swift */,
			);
			path = ViewModel;
			sourceTree = "<group>";
		};
/* End PBXGroup section */

/* Begin PBXNativeTarget section */
		CD6C66FF2A8E991500D9319E /* TouristNews */ = {
			isa = PBXNativeTarget;
			buildConfigurationList = CD6C67142A8E991600D9319E /* Build configuration list for PBXNativeTarget "TouristNews" */;
			buildPhases = (
				CD6C66FC2A8E991500D9319E /* Sources */,
				CD6C66FD2A8E991500D9319E /* Frameworks */,
				CD6C66FE2A8E991500D9319E /* Resources */,
			);
			buildRules = (
			);
			dependencies = (
			);
			name = TouristNews;
			packageProductDependencies = (
				CD6C674C2A936CEE00D9319E /* SDWebImage */,
				CD6C674E2A936CEE00D9319E /* SDWebImageMapKit */,
			);
			productName = TouristNews;
			productReference = CD6C67002A8E991500D9319E /* TouristNews.app */;
			productType = "com.apple.product-type.application";
		};
/* End PBXNativeTarget section */

/* Begin PBXProject section */
		CD6C66F82A8E991500D9319E /* Project object */ = {
			isa = PBXProject;
			attributes = {
				BuildIndependentTargetsInParallel = 1;
				LastSwiftUpdateCheck = 1420;
				LastUpgradeCheck = 1420;
				TargetAttributes = {
					CD6C66FF2A8E991500D9319E = {
						CreatedOnToolsVersion = 14.2;
					};
				};
			};
			buildConfigurationList = CD6C66FB2A8E991500D9319E /* Build configuration list for PBXProject "TouristNews" */;
			compatibilityVersion = "Xcode 14.0";
			developmentRegion = en;
			hasScannedForEncodings = 0;
			knownRegions = (
				en,
				Base,
			);
			mainGroup = CD6C66F72A8E991500D9319E;
			packageReferences = (
				CD6C674B2A936CEE00D9319E /* XCRemoteSwiftPackageReference "SDWebImage" */,
			);
			productRefGroup = CD6C67012A8E991500D9319E /* Products */;
			projectDirPath = "";
			projectRoot = "";
			targets = (
				CD6C66FF2A8E991500D9319E /* TouristNews */,
			);
		};
/* End PBXProject section */

/* Begin PBXResourcesBuildPhase section */
		CD6C66FE2A8E991500D9319E /* Resources */ = {
			isa = PBXResourcesBuildPhase;
			buildActionMask = 2147483647;
			files = (
				CD6C67102A8E991600D9319E /* LaunchScreen.storyboard in Resources */,
				CD6C670D2A8E991600D9319E /* Assets.xcassets in Resources */,
			);
			runOnlyForDeploymentPostprocessing = 0;
		};
/* End PBXResourcesBuildPhase section */

/* Begin PBXSourcesBuildPhase section */
		CD6C66FC2A8E991500D9319E /* Sources */ = {
			isa = PBXSourcesBuildPhase;
			buildActionMask = 2147483647;
			files = (
				CD6C67302A92385900D9319E /* HTTP.swift in Sources */,
				CD6C67422A93579C00D9319E /* TouristService.swift in Sources */,
				CD6C67242A92145200D9319E /* News.swift in Sources */,
				CD6C67222A9211D800D9319E /* Constants.swift in Sources */,
				CD6C67272A9216CB00D9319E /* NewsFeedViewController.swift in Sources */,
				CD6C673C2A93508900D9319E /* TouristsListViewController.swift in Sources */,
				CD6C67322A92394300D9319E /* Endpoint.swift in Sources */,
				CD6C67402A93512B00D9319E /* Tourists.swift in Sources */,
				CD6C67042A8E991500D9319E /* AppDelegate.swift in Sources */,
				CD6C672A2A9216ED00D9319E /* NewsCell.swift in Sources */,
				CD6C67452A93584C00D9319E /* TouristsCell.swift in Sources */,
				CD6C67362A92613600D9319E /* NewsFeedViewModel.swift in Sources */,
				CD6C674A2A935AEF00D9319E /* TouristDetailViewModel.swift in Sources */,
				CD6C67062A8E991500D9319E /* SceneDelegate.swift in Sources */,
				CD6C67382A93359300D9319E /* TabBar.swift in Sources */,
				CD6C67482A9359B000D9319E /* TouristsViewModel.swift in Sources */,
				CD6C672C2A92223E00D9319E /* NewsDetailViewController.swift in Sources */,
				CD6C672E2A922DE300D9319E /* NewsDetailViewModel.swift in Sources */,
				CD6C67342A923EE800D9319E /* NewsService.swift in Sources */,
				CD6C673E2A9350A300D9319E /* TouristDetailViewController.swift in Sources */,
			);
			runOnlyForDeploymentPostprocessing = 0;
		};
/* End PBXSourcesBuildPhase section */

/* Begin PBXVariantGroup section */
		CD6C670E2A8E991600D9319E /* LaunchScreen.storyboard */ = {
			isa = PBXVariantGroup;
			children = (
				CD6C670F2A8E991600D9319E /* Base */,
			);
			name = LaunchScreen.storyboard;
			sourceTree = "<group>";
		};
/* End PBXVariantGroup section */

/* Begin XCBuildConfiguration section */
		CD6C67122A8E991600D9319E /* Debug */ = {
			isa = XCBuildConfiguration;
			buildSettings = {
				ALWAYS_SEARCH_USER_PATHS = NO;
				CLANG_ANALYZER_NONNULL = YES;
				CLANG_ANALYZER_NUMBER_OBJECT_CONVERSION = YES_AGGRESSIVE;
				CLANG_CXX_LANGUAGE_STANDARD = "gnu++20";
				CLANG_ENABLE_MODULES = YES;
				CLANG_ENABLE_OBJC_ARC = YES;
				CLANG_ENABLE_OBJC_WEAK = YES;
				CLANG_WARN_BLOCK_CAPTURE_AUTORELEASING = YES;
				CLANG_WARN_BOOL_CONVERSION = YES;
				CLANG_WARN_COMMA = YES;
				CLANG_WARN_CONSTANT_CONVERSION = YES;
				CLANG_WARN_DEPRECATED_OBJC_IMPLEMENTATIONS = YES;
				CLANG_WARN_DIRECT_OBJC_ISA_USAGE = YES_ERROR;
				CLANG_WARN_DOCUMENTATION_COMMENTS = YES;
				CLANG_WARN_EMPTY_BODY = YES;
				CLANG_WARN_ENUM_CONVERSION = YES;
				CLANG_WARN_INFINITE_RECURSION = YES;
				CLANG_WARN_INT_CONVERSION = YES;
				CLANG_WARN_NON_LITERAL_NULL_CONVERSION = YES;
				CLANG_WARN_OBJC_IMPLICIT_RETAIN_SELF = YES;
				CLANG_WARN_OBJC_LITERAL_CONVERSION = YES;
				CLANG_WARN_OBJC_ROOT_CLASS = YES_ERROR;
				CLANG_WARN_QUOTED_INCLUDE_IN_FRAMEWORK_HEADER = YES;
				CLANG_WARN_RANGE_LOOP_ANALYSIS = YES;
				CLANG_WARN_STRICT_PROTOTYPES = YES;
				CLANG_WARN_SUSPICIOUS_MOVE = YES;
				CLANG_WARN_UNGUARDED_AVAILABILITY = YES_AGGRESSIVE;
				CLANG_WARN_UNREACHABLE_CODE = YES;
				CLANG_WARN__DUPLICATE_METHOD_MATCH = YES;
				COPY_PHASE_STRIP = NO;
				DEBUG_INFORMATION_FORMAT = dwarf;
				ENABLE_STRICT_OBJC_MSGSEND = YES;
				ENABLE_TESTABILITY = YES;
				GCC_C_LANGUAGE_STANDARD = gnu11;
				GCC_DYNAMIC_NO_PIC = NO;
				GCC_NO_COMMON_BLOCKS = YES;
				GCC_OPTIMIZATION_LEVEL = 0;
				GCC_PREPROCESSOR_DEFINITIONS = (
					"DEBUG=1",
					"$(inherited)",
				);
				GCC_WARN_64_TO_32_BIT_CONVERSION = YES;
				GCC_WARN_ABOUT_RETURN_TYPE = YES_ERROR;
				GCC_WARN_UNDECLARED_SELECTOR = YES;
				GCC_WARN_UNINITIALIZED_AUTOS = YES_AGGRESSIVE;
				GCC_WARN_UNUSED_FUNCTION = YES;
				GCC_WARN_UNUSED_VARIABLE = YES;
				IPHONEOS_DEPLOYMENT_TARGET = 16.2;
				MTL_ENABLE_DEBUG_INFO = INCLUDE_SOURCE;
				MTL_FAST_MATH = YES;
				ONLY_ACTIVE_ARCH = YES;
				SDKROOT = iphoneos;
				SWIFT_ACTIVE_COMPILATION_CONDITIONS = DEBUG;
				SWIFT_OPTIMIZATION_LEVEL = "-Onone";
			};
			name = Debug;
		};
		CD6C67132A8E991600D9319E /* Release */ = {
			isa = XCBuildConfiguration;
			buildSettings = {
				ALWAYS_SEARCH_USER_PATHS = NO;
				CLANG_ANALYZER_NONNULL = YES;
				CLANG_ANALYZER_NUMBER_OBJECT_CONVERSION = YES_AGGRESSIVE;
				CLANG_CXX_LANGUAGE_STANDARD = "gnu++20";
				CLANG_ENABLE_MODULES = YES;
				CLANG_ENABLE_OBJC_ARC = YES;
				CLANG_ENABLE_OBJC_WEAK = YES;
				CLANG_WARN_BLOCK_CAPTURE_AUTORELEASING = YES;
				CLANG_WARN_BOOL_CONVERSION = YES;
				CLANG_WARN_COMMA = YES;
				CLANG_WARN_CONSTANT_CONVERSION = YES;
				CLANG_WARN_DEPRECATED_OBJC_IMPLEMENTATIONS = YES;
				CLANG_WARN_DIRECT_OBJC_ISA_USAGE = YES_ERROR;
				CLANG_WARN_DOCUMENTATION_COMMENTS = YES;
				CLANG_WARN_EMPTY_BODY = YES;
				CLANG_WARN_ENUM_CONVERSION = YES;
				CLANG_WARN_INFINITE_RECURSION = YES;
				CLANG_WARN_INT_CONVERSION = YES;
				CLANG_WARN_NON_LITERAL_NULL_CONVERSION = YES;
				CLANG_WARN_OBJC_IMPLICIT_RETAIN_SELF = YES;
				CLANG_WARN_OBJC_LITERAL_CONVERSION = YES;
				CLANG_WARN_OBJC_ROOT_CLASS = YES_ERROR;
				CLANG_WARN_QUOTED_INCLUDE_IN_FRAMEWORK_HEADER = YES;
				CLANG_WARN_RANGE_LOOP_ANALYSIS = YES;
				CLANG_WARN_STRICT_PROTOTYPES = YES;
				CLANG_WARN_SUSPICIOUS_MOVE = YES;
				CLANG_WARN_UNGUARDED_AVAILABILITY = YES_AGGRESSIVE;
				CLANG_WARN_UNREACHABLE_CODE = YES;
				CLANG_WARN__DUPLICATE_METHOD_MATCH = YES;
				COPY_PHASE_STRIP = NO;
				DEBUG_INFORMATION_FORMAT = "dwarf-with-dsym";
				ENABLE_NS_ASSERTIONS = NO;
				ENABLE_STRICT_OBJC_MSGSEND = YES;
				GCC_C_LANGUAGE_STANDARD = gnu11;
				GCC_NO_COMMON_BLOCKS = YES;
				GCC_WARN_64_TO_32_BIT_CONVERSION = YES;
				GCC_WARN_ABOUT_RETURN_TYPE = YES_ERROR;
				GCC_WARN_UNDECLARED_SELECTOR = YES;
				GCC_WARN_UNINITIALIZED_AUTOS = YES_AGGRESSIVE;
				GCC_WARN_UNUSED_FUNCTION = YES;
				GCC_WARN_UNUSED_VARIABLE = YES;
				IPHONEOS_DEPLOYMENT_TARGET = 16.2;
				MTL_ENABLE_DEBUG_INFO = NO;
				MTL_FAST_MATH = YES;
				SDKROOT = iphoneos;
				SWIFT_COMPILATION_MODE = wholemodule;
				SWIFT_OPTIMIZATION_LEVEL = "-O";
				VALIDATE_PRODUCT = YES;
			};
			name = Release;
		};
		CD6C67152A8E991600D9319E /* Debug */ = {
			isa = XCBuildConfiguration;
			buildSettings = {
				ASSETCATALOG_COMPILER_APPICON_NAME = AppIcon;
				ASSETCATALOG_COMPILER_GLOBAL_ACCENT_COLOR_NAME = AccentColor;
				CODE_SIGN_STYLE = Automatic;
				CURRENT_PROJECT_VERSION = 1;
				DEVELOPMENT_TEAM = 52W5AMT5C2;
				GENERATE_INFOPLIST_FILE = YES;
				INFOPLIST_FILE = TouristNews/Info.plist;
				INFOPLIST_KEY_UIApplicationSupportsIndirectInputEvents = YES;
				INFOPLIST_KEY_UILaunchStoryboardName = LaunchScreen;
				INFOPLIST_KEY_UISupportedInterfaceOrientations = UIInterfaceOrientationPortrait;
				LD_RUNPATH_SEARCH_PATHS = (
					"$(inherited)",
					"@executable_path/Frameworks",
				);
				MARKETING_VERSION = 1.0;
				PRODUCT_BUNDLE_IDENTIFIER = mbayi.TouristNews;
				PRODUCT_NAME = "$(TARGET_NAME)";
				SWIFT_EMIT_LOC_STRINGS = YES;
				SWIFT_VERSION = 5.0;
				TARGETED_DEVICE_FAMILY = "1,2";
			};
			name = Debug;
		};
		CD6C67162A8E991600D9319E /* Release */ = {
			isa = XCBuildConfiguration;
			buildSettings = {
				ASSETCATALOG_COMPILER_APPICON_NAME = AppIcon;
				ASSETCATALOG_COMPILER_GLOBAL_ACCENT_COLOR_NAME = AccentColor;
				CODE_SIGN_STYLE = Automatic;
				CURRENT_PROJECT_VERSION = 1;
				DEVELOPMENT_TEAM = 52W5AMT5C2;
				GENERATE_INFOPLIST_FILE = YES;
				INFOPLIST_FILE = TouristNews/Info.plist;
				INFOPLIST_KEY_UIApplicationSupportsIndirectInputEvents = YES;
				INFOPLIST_KEY_UILaunchStoryboardName = LaunchScreen;
				INFOPLIST_KEY_UISupportedInterfaceOrientations = UIInterfaceOrientationPortrait;
				LD_RUNPATH_SEARCH_PATHS = (
					"$(inherited)",
					"@executable_path/Frameworks",
				);
				MARKETING_VERSION = 1.0;
				PRODUCT_BUNDLE_IDENTIFIER = mbayi.TouristNews;
				PRODUCT_NAME = "$(TARGET_NAME)";
				SWIFT_EMIT_LOC_STRINGS = YES;
				SWIFT_VERSION = 5.0;
				TARGETED_DEVICE_FAMILY = "1,2";
			};
			name = Release;
		};
/* End XCBuildConfiguration section */

/* Begin XCConfigurationList section */
		CD6C66FB2A8E991500D9319E /* Build configuration list for PBXProject "TouristNews" */ = {
			isa = XCConfigurationList;
			buildConfigurations = (
				CD6C67122A8E991600D9319E /* Debug */,
				CD6C67132A8E991600D9319E /* Release */,
			);
			defaultConfigurationIsVisible = 0;
			defaultConfigurationName = Release;
		};
		CD6C67142A8E991600D9319E /* Build configuration list for PBXNativeTarget "TouristNews" */ = {
			isa = XCConfigurationList;
			buildConfigurations = (
				CD6C67152A8E991600D9319E /* Debug */,
				CD6C67162A8E991600D9319E /* Release */,
			);
			defaultConfigurationIsVisible = 0;
			defaultConfigurationName = Release;
		};
/* End XCConfigurationList section */

/* Begin XCRemoteSwiftPackageReference section */
		CD6C674B2A936CEE00D9319E /* XCRemoteSwiftPackageReference "SDWebImage" */ = {
			isa = XCRemoteSwiftPackageReference;
			repositoryURL = "https://github.com/SDWebImage/SDWebImage.git";
			requirement = {
				kind = upToNextMajorVersion;
				minimumVersion = 5.0.0;
			};
		};
/* End XCRemoteSwiftPackageReference section */

/* Begin XCSwiftPackageProductDependency section */
		CD6C674C2A936CEE00D9319E /* SDWebImage */ = {
			isa = XCSwiftPackageProductDependency;
			package = CD6C674B2A936CEE00D9319E /* XCRemoteSwiftPackageReference "SDWebImage" */;
			productName = SDWebImage;
		};
		CD6C674E2A936CEE00D9319E /* SDWebImageMapKit */ = {
			isa = XCSwiftPackageProductDependency;
			package = CD6C674B2A936CEE00D9319E /* XCRemoteSwiftPackageReference "SDWebImage" */;
			productName = SDWebImageMapKit;
		};
/* End XCSwiftPackageProductDependency section */
	};
	rootObject = CD6C66F82A8E991500D9319E /* Project object */;
}
